// !$*UTF8*$!
{
	archiveVersion = 1;
	classes = {
	};
	objectVersion = 50;
	objects = {

/* Begin PBXBuildFile section */
		7C613708207702E400011F2B /* UsersTableViewCell.m in Sources */ = {isa = PBXBuildFile; fileRef = 7C613707207702E400011F2B /* UsersTableViewCell.m */; };
		7C8FF3732076B906009690D2 /* AppDelegate.m in Sources */ = {isa = PBXBuildFile; fileRef = 7C8FF3722076B906009690D2 /* AppDelegate.m */; };
		7C8FF3762076B906009690D2 /* ViewController.m in Sources */ = {isa = PBXBuildFile; fileRef = 7C8FF3752076B906009690D2 /* ViewController.m */; };
		7C8FF3792076B906009690D2 /* Main.storyboard in Resources */ = {isa = PBXBuildFile; fileRef = 7C8FF3772076B906009690D2 /* Main.storyboard */; };
		7C8FF37B2076B907009690D2 /* Assets.xcassets in Resources */ = {isa = PBXBuildFile; fileRef = 7C8FF37A2076B907009690D2 /* Assets.xcassets */; };
		7C8FF37E2076B907009690D2 /* LaunchScreen.storyboard in Resources */ = {isa = PBXBuildFile; fileRef = 7C8FF37C2076B907009690D2 /* LaunchScreen.storyboard */; };
		7C8FF3812076B907009690D2 /* main.m in Sources */ = {isa = PBXBuildFile; fileRef = 7C8FF3802076B907009690D2 /* main.m */; };
		7C8FF3892076B9B2009690D2 /* UsersTableViewController.m in Sources */ = {isa = PBXBuildFile; fileRef = 7C8FF3882076B9B2009690D2 /* UsersTableViewController.m */; };
/* End PBXBuildFile section */

/* Begin PBXFileReference section */
		7C613706207702E400011F2B /* UsersTableViewCell.h */ = {isa = PBXFileReference; lastKnownFileType = sourcecode.c.h; path = UsersTableViewCell.h; sourceTree = "<group>"; };
		7C613707207702E400011F2B /* UsersTableViewCell.m */ = {isa = PBXFileReference; lastKnownFileType = sourcecode.c.objc; path = UsersTableViewCell.m; sourceTree = "<group>"; };
		7C8FF36E2076B906009690D2 /* StackOverFlowUsers.app */ = {isa = PBXFileReference; explicitFileType = wrapper.application; includeInIndex = 0; path = StackOverFlowUsers.app; sourceTree = BUILT_PRODUCTS_DIR; };
		7C8FF3712076B906009690D2 /* AppDelegate.h */ = {isa = PBXFileReference; lastKnownFileType = sourcecode.c.h; path = AppDelegate.h; sourceTree = "<group>"; };
		7C8FF3722076B906009690D2 /* AppDelegate.m */ = {isa = PBXFileReference; lastKnownFileType = sourcecode.c.objc; path = AppDelegate.m; sourceTree = "<group>"; };
		7C8FF3742076B906009690D2 /* ViewController.h */ = {isa = PBXFileReference; lastKnownFileType = sourcecode.c.h; path = ViewController.h; sourceTree = "<group>"; };
		7C8FF3752076B906009690D2 /* ViewController.m */ = {isa = PBXFileReference; lastKnownFileType = sourcecode.c.objc; path = ViewController.m; sourceTree = "<group>"; };
		7C8FF3782076B906009690D2 /* Base */ = {isa = PBXFileReference; lastKnownFileType = file.storyboard; name = Base; path = Base.lproj/Main.storyboard; sourceTree = "<group>"; };
		7C8FF37A2076B907009690D2 /* Assets.xcassets */ = {isa = PBXFileReference; lastKnownFileType = folder.assetcatalog; path = Assets.xcassets; sourceTree = "<group>"; };
		7C8FF37D2076B907009690D2 /* Base */ = {isa = PBXFileReference; lastKnownFileType = file.storyboard; name = Base; path = Base.lproj/LaunchScreen.storyboard; sourceTree = "<group>"; };
		7C8FF37F2076B907009690D2 /* Info.plist */ = {isa = PBXFileReference; lastKnownFileType = text.plist.xml; path = Info.plist; sourceTree = "<group>"; };
		7C8FF3802076B907009690D2 /* main.m */ = {isa = PBXFileReference; lastKnownFileType = sourcecode.c.objc; path = main.m; sourceTree = "<group>"; };
		7C8FF3872076B9B2009690D2 /* UsersTableViewController.h */ = {isa = PBXFileReference; lastKnownFileType = sourcecode.c.h; path = UsersTableViewController.h; sourceTree = "<group>"; };
		7C8FF3882076B9B2009690D2 /* UsersTableViewController.m */ = {isa = PBXFileReference; lastKnownFileType = sourcecode.c.objc; path = UsersTableViewController.m; sourceTree = "<group>"; };
/* End PBXFileReference section */

/* Begin PBXFrameworksBuildPhase section */
		7C8FF36B2076B906009690D2 /* Frameworks */ = {
			isa = PBXFrameworksBuildPhase;
			buildActionMask = 2147483647;
			files = (
			);
			runOnlyForDeploymentPostprocessing = 0;
		};
/* End PBXFrameworksBuildPhase section */

/* Begin PBXGroup section */
		7C8FF3652076B906009690D2 = {
			isa = PBXGroup;
			children = (
				7C8FF3702076B906009690D2 /* StackOverFlowUsers */,
				7C8FF36F2076B906009690D2 /* Products */,
			);
			sourceTree = "<group>";
		};
		7C8FF36F2076B906009690D2 /* Products */ = {
			isa = PBXGroup;
			children = (
				7C8FF36E2076B906009690D2 /* StackOverFlowUsers.app */,
			);
			name = Products;
			sourceTree = "<group>";
		};
		7C8FF3702076B906009690D2 /* StackOverFlowUsers */ = {
			isa = PBXGroup;
			children = (
				7C8FF3712076B906009690D2 /* AppDelegate.h */,
				7C8FF3722076B906009690D2 /* AppDelegate.m */,
				7C8FF3742076B906009690D2 /* ViewController.h */,
				7C8FF3752076B906009690D2 /* ViewController.m */,
				7C8FF3772076B906009690D2 /* Main.storyboard */,
				7C8FF37A2076B907009690D2 /* Assets.xcassets */,
				7C8FF37C2076B907009690D2 /* LaunchScreen.storyboard */,
				7C8FF37F2076B907009690D2 /* Info.plist */,
				7C8FF3802076B907009690D2 /* main.m */,
				7C8FF3872076B9B2009690D2 /* UsersTableViewController.h */,
				7C8FF3882076B9B2009690D2 /* UsersTableViewController.m */,
				7C613706207702E400011F2B /* UsersTableViewCell.h */,
				7C613707207702E400011F2B /* UsersTableViewCell.m */,
			);
			path = StackOverFlowUsers;
			sourceTree = "<group>";
		};
/* End PBXGroup section */

/* Begin PBXNativeTarget section */
		7C8FF36D2076B906009690D2 /* StackOverFlowUsers */ = {
			isa = PBXNativeTarget;
			buildConfigurationList = 7C8FF3842076B907009690D2 /* Build configuration list for PBXNativeTarget "StackOverFlowUsers" */;
			buildPhases = (
				7C8FF36A2076B906009690D2 /* Sources */,
				7C8FF36B2076B906009690D2 /* Frameworks */,
				7C8FF36C2076B906009690D2 /* Resources */,
			);
			buildRules = (
			);
			dependencies = (
			);
			name = StackOverFlowUsers;
			productName = StackOverFlowUsers;
			productReference = 7C8FF36E2076B906009690D2 /* StackOverFlowUsers.app */;
			productType = "com.apple.product-type.application";
		};
/* End PBXNativeTarget section */

/* Begin PBXProject section */
		7C8FF3662076B906009690D2 /* Project object */ = {
			isa = PBXProject;
			attributes = {
				LastUpgradeCheck = 0930;
				ORGANIZATIONNAME = "Joseph Goldberg";
				TargetAttributes = {
					7C8FF36D2076B906009690D2 = {
						CreatedOnToolsVersion = 9.3;
					};
				};
			};
			buildConfigurationList = 7C8FF3692076B906009690D2 /* Build configuration list for PBXProject "StackOverFlowUsers" */;
			compatibilityVersion = "Xcode 9.3";
			developmentRegion = en;
			hasScannedForEncodings = 0;
			knownRegions = (
				en,
				Base,
			);
			mainGroup = 7C8FF3652076B906009690D2;
			productRefGroup = 7C8FF36F2076B906009690D2 /* Products */;
			projectDirPath = "";
			projectRoot = "";
			targets = (
				7C8FF36D2076B906009690D2 /* StackOverFlowUsers */,
			);
		};
/* End PBXProject section */

/* Begin PBXResourcesBuildPhase section */
		7C8FF36C2076B906009690D2 /* Resources */ = {
			isa = PBXResourcesBuildPhase;
			buildActionMask = 2147483647;
			files = (
				7C8FF37E2076B907009690D2 /* LaunchScreen.storyboard in Resources */,
				7C8FF37B2076B907009690D2 /* Assets.xcassets in Resources */,
				7C8FF3792076B906009690D2 /* Main.storyboard in Resources */,
			);
			runOnlyForDeploymentPostprocessing = 0;
		};
/* End PBXResourcesBuildPhase section */

/* Begin PBXSourcesBuildPhase section */
		7C8FF36A2076B906009690D2 /* Sources */ = {
			isa = PBXSourcesBuildPhase;
			buildActionMask = 2147483647;
			files = (
				7C613708207702E400011F2B /* UsersTableViewCell.m in Sources */,
				7C8FF3762076B906009690D2 /* ViewController.m in Sources */,
				7C8FF3812076B907009690D2 /* main.m in Sources */,
				7C8FF3892076B9B2009690D2 /* UsersTableViewController.m in Sources */,
				7C8FF3732076B906009690D2 /* AppDelegate.m in Sources */,
			);
			runOnlyForDeploymentPostprocessing = 0;
		};
/* End PBXSourcesBuildPhase section */

/* Begin PBXVariantGroup section */
		7C8FF3772076B906009690D2 /* Main.storyboard */ = {
			isa = PBXVariantGroup;
			children = (
				7C8FF3782076B906009690D2 /* Base */,
			);
			name = Main.storyboard;
			sourceTree = "<group>";
		};
		7C8FF37C2076B907009690D2 /* LaunchScreen.storyboard */ = {
			isa = PBXVariantGroup;
			children = (
				7C8FF37D2076B907009690D2 /* Base */,
			);
			name = LaunchScreen.storyboard;
			sourceTree = "<group>";
		};
/* End PBXVariantGroup section */

/* Begin XCBuildConfiguration section */
		7C8FF3822076B907009690D2 /* Debug */ = {
			isa = XCBuildConfiguration;
			buildSettings = {
				ALWAYS_SEARCH_USER_PATHS = NO;
				CLANG_ANALYZER_NONNULL = YES;
				CLANG_ANALYZER_NUMBER_OBJECT_CONVERSION = YES_AGGRESSIVE;
				CLANG_CXX_LANGUAGE_STANDARD = "gnu++14";
				CLANG_CXX_LIBRARY = "libc++";
				CLANG_ENABLE_MODULES = YES;
				CLANG_ENABLE_OBJC_ARC = YES;
				CLANG_ENABLE_OBJC_WEAK = YES;
				CLANG_WARN_BLOCK_CAPTURE_AUTORELEASING = YES;
				CLANG_WARN_BOOL_CONVERSION = YES;
				CLANG_WARN_COMMA = YES;
				CLANG_WARN_CONSTANT_CONVERSION = YES;
				CLANG_WARN_DEPRECATED_OBJC_IMPLEMENTATIONS = YES;
				CLANG_WARN_DIRECT_OBJC_ISA_USAGE = YES_ERROR;
				CLANG_WARN_DOCUMENTATION_COMMENTS = YES;
				CLANG_WARN_EMPTY_BODY = YES;
				CLANG_WARN_ENUM_CONVERSION = YES;
				CLANG_WARN_INFINITE_RECURSION = YES;
				CLANG_WARN_INT_CONVERSION = YES;
				CLANG_WARN_NON_LITERAL_NULL_CONVERSION = YES;
				CLANG_WARN_OBJC_IMPLICIT_RETAIN_SELF = YES;
				CLANG_WARN_OBJC_LITERAL_CONVERSION = YES;
				CLANG_WARN_OBJC_ROOT_CLASS = YES_ERROR;
				CLANG_WARN_RANGE_LOOP_ANALYSIS = YES;
				CLANG_WARN_STRICT_PROTOTYPES = YES;
				CLANG_WARN_SUSPICIOUS_MOVE = YES;
				CLANG_WARN_UNGUARDED_AVAILABILITY = YES_AGGRESSIVE;
				CLANG_WARN_UNREACHABLE_CODE = YES;
				CLANG_WARN__DUPLICATE_METHOD_MATCH = YES;
				CODE_SIGN_IDENTITY = "iPhone Developer";
				COPY_PHASE_STRIP = NO;
				DEBUG_INFORMATION_FORMAT = dwarf;
				ENABLE_STRICT_OBJC_MSGSEND = YES;
				ENABLE_TESTABILITY = YES;
				GCC_C_LANGUAGE_STANDARD = gnu11;
				GCC_DYNAMIC_NO_PIC = NO;
				GCC_NO_COMMON_BLOCKS = YES;
				GCC_OPTIMIZATION_LEVEL = 0;
				GCC_PREPROCESSOR_DEFINITIONS = (
					"DEBUG=1",
					"$(inherited)",
				);
				GCC_WARN_64_TO_32_BIT_CONVERSION = YES;
				GCC_WARN_ABOUT_RETURN_TYPE = YES_ERROR;
				GCC_WARN_UNDECLARED_SELECTOR = YES;
				GCC_WARN_UNINITIALIZED_AUTOS = YES_AGGRESSIVE;
				GCC_WARN_UNUSED_FUNCTION = YES;
				GCC_WARN_UNUSED_VARIABLE = YES;
				IPHONEOS_DEPLOYMENT_TARGET = 11.3;
				MTL_ENABLE_DEBUG_INFO = YES;
				ONLY_ACTIVE_ARCH = YES;
				SDKROOT = iphoneos;
			};
			name = Debug;
		};
		7C8FF3832076B907009690D2 /* Release */ = {
			isa = XCBuildConfiguration;
			buildSettings = {
				ALWAYS_SEARCH_USER_PATHS = NO;
				CLANG_ANALYZER_NONNULL = YES;
				CLANG_ANALYZER_NUMBER_OBJECT_CONVERSION = YES_AGGRESSIVE;
				CLANG_CXX_LANGUAGE_STANDARD = "gnu++14";
				CLANG_CXX_LIBRARY = "libc++";
				CLANG_ENABLE_MODULES = YES;
				CLANG_ENABLE_OBJC_ARC = YES;
				CLANG_ENABLE_OBJC_WEAK = YES;
				CLANG_WARN_BLOCK_CAPTURE_AUTORELEASING = YES;
				CLANG_WARN_BOOL_CONVERSION = YES;
				CLANG_WARN_COMMA = YES;
				CLANG_WARN_CONSTANT_CONVERSION = YES;
				CLANG_WARN_DEPRECATED_OBJC_IMPLEMENTATIONS = YES;
				CLANG_WARN_DIRECT_OBJC_ISA_USAGE = YES_ERROR;
				CLANG_WARN_DOCUMENTATION_COMMENTS = YES;
				CLANG_WARN_EMPTY_BODY = YES;
				CLANG_WARN_ENUM_CONVERSION = YES;
				CLANG_WARN_INFINITE_RECURSION = YES;
				CLANG_WARN_INT_CONVERSION = YES;
				CLANG_WARN_NON_LITERAL_NULL_CONVERSION = YES;
				CLANG_WARN_OBJC_IMPLICIT_RETAIN_SELF = YES;
				CLANG_WARN_OBJC_LITERAL_CONVERSION = YES;
				CLANG_WARN_OBJC_ROOT_CLASS = YES_ERROR;
				CLANG_WARN_RANGE_LOOP_ANALYSIS = YES;
				CLANG_WARN_STRICT_PROTOTYPES = YES;
				CLANG_WARN_SUSPICIOUS_MOVE = YES;
				CLANG_WARN_UNGUARDED_AVAILABILITY = YES_AGGRESSIVE;
				CLANG_WARN_UNREACHABLE_CODE = YES;
				CLANG_WARN__DUPLICATE_METHOD_MATCH = YES;
				CODE_SIGN_IDENTITY = "iPhone Developer";
				COPY_PHASE_STRIP = NO;
				DEBUG_INFORMATION_FORMAT = "dwarf-with-dsym";
				ENABLE_NS_ASSERTIONS = NO;
				ENABLE_STRICT_OBJC_MSGSEND = YES;
				GCC_C_LANGUAGE_STANDARD = gnu11;
				GCC_NO_COMMON_BLOCKS = YES;
				GCC_WARN_64_TO_32_BIT_CONVERSION = YES;
				GCC_WARN_ABOUT_RETURN_TYPE = YES_ERROR;
				GCC_WARN_UNDECLARED_SELECTOR = YES;
				GCC_WARN_UNINITIALIZED_AUTOS = YES_AGGRESSIVE;
				GCC_WARN_UNUSED_FUNCTION = YES;
				GCC_WARN_UNUSED_VARIABLE = YES;
				IPHONEOS_DEPLOYMENT_TARGET = 11.3;
				MTL_ENABLE_DEBUG_INFO = NO;
				SDKROOT = iphoneos;
				VALIDATE_PRODUCT = YES;
			};
			name = Release;
		};
		7C8FF3852076B907009690D2 /* Debug */ = {
			isa = XCBuildConfiguration;
			buildSettings = {
				ASSETCATALOG_COMPILER_APPICON_NAME = AppIcon;
				CODE_SIGN_STYLE = Automatic;
				DEVELOPMENT_TEAM = MGRGL44H7G;
				INFOPLIST_FILE = StackOverFlowUsers/Info.plist;
				LD_RUNPATH_SEARCH_PATHS = (
					"$(inherited)",
					"@executable_path/Frameworks",
				);
				PRODUCT_BUNDLE_IDENTIFIER = com.JosephGoldberg.StackOverFlowUsers;
				PRODUCT_NAME = "$(TARGET_NAME)";
				TARGETED_DEVICE_FAMILY = "1,2";
			};
			name = Debug;
		};
		7C8FF3862076B907009690D2 /* Release */ = {
			isa = XCBuildConfiguration;
			buildSettings = {
				ASSETCATALOG_COMPILER_APPICON_NAME = AppIcon;
				CODE_SIGN_STYLE = Automatic;
				DEVELOPMENT_TEAM = MGRGL44H7G;
				INFOPLIST_FILE = StackOverFlowUsers/Info.plist;
				LD_RUNPATH_SEARCH_PATHS = (
					"$(inherited)",
					"@executable_path/Frameworks",
				);
				PRODUCT_BUNDLE_IDENTIFIER = com.JosephGoldberg.StackOverFlowUsers;
				PRODUCT_NAME = "$(TARGET_NAME)";
				TARGETED_DEVICE_FAMILY = "1,2";
			};
			name = Release;
		};
/* End XCBuildConfiguration section */

/* Begin XCConfigurationList section */
		7C8FF3692076B906009690D2 /* Build configuration list for PBXProject "StackOverFlowUsers" */ = {
			isa = XCConfigurationList;
			buildConfigurations = (
				7C8FF3822076B907009690D2 /* Debug */,
				7C8FF3832076B907009690D2 /* Release */,
			);
			defaultConfigurationIsVisible = 0;
			defaultConfigurationName = Release;
		};
		7C8FF3842076B907009690D2 /* Build configuration list for PBXNativeTarget "StackOverFlowUsers" */ = {
			isa = XCConfigurationList;
			buildConfigurations = (
				7C8FF3852076B907009690D2 /* Debug */,
				7C8FF3862076B907009690D2 /* Release */,
			);
			defaultConfigurationIsVisible = 0;
			defaultConfigurationName = Release;
		};
/* End XCConfigurationList section */
	};
	rootObject = 7C8FF3662076B906009690D2 /* Project object */;
}
